{
  "name": "tezid-zk-proofs",
  "version": "1.0.0",
  "lockfileVersion": 2,
  "requires": true,
  "packages": {
    "": {
      "version": "1.0.0",
      "license": "ISC",
      "dependencies": {
        "@taquito/michel-codec": "^10.2.0",
        "merkle-tools": "^1.4.1",
        "merkletree": "^1.5.0",
        "uid": "^2.0.0"
      }
    },
    "node_modules/@lukeed/csprng": {
      "version": "1.0.0",
      "resolved": "https://registry.npmjs.org/@lukeed/csprng/-/csprng-1.0.0.tgz",
      "integrity": "sha512-ruuGHsnabmObBdeMg3vKdGRmh06Oog3eFpf/Tk6X0kDSJDpJTDCj2dqdp1+0VjzIUgHlFF9GBm7uFqfYhhdX9g==",
      "engines": {
        "node": ">=8"
      }
    },
    "node_modules/@taquito/michel-codec": {
      "version": "10.2.0",
      "resolved": "https://registry.npmjs.org/@taquito/michel-codec/-/michel-codec-10.2.0.tgz",
      "integrity": "sha512-dndIFumnebwhMCdhGv89dVJPIsTbB885LYLuPYyp7saYqlVe8n+NKlfSkHn+G/7waj8Xt5uzHsxYHPK9R9CvSQ==",
      "engines": {
        "node": ">=6.0.0"
      }
    },
    "node_modules/js-sha3": {
      "version": "0.8.0",
      "resolved": "https://registry.npmjs.org/js-sha3/-/js-sha3-0.8.0.tgz",
      "integrity": "sha512-gF1cRrHhIzNfToc802P800N8PpXS+evLLXfsVpowqmAFR9uwbi89WvXg2QspOmXL8QL86J4T1EpFu+yUkwJY3Q=="
    },
    "node_modules/merkle-tools": {
      "version": "1.4.1",
      "resolved": "https://registry.npmjs.org/merkle-tools/-/merkle-tools-1.4.1.tgz",
      "integrity": "sha512-QhO1/eDvAnyn0oXgRWlydVWYVMrVJwrdNICYvQXYhBU1Bjj1LoxsQxdAKJ5ttN3L6pkKhjcK6O4k927kgTMdqw==",
      "dependencies": {
        "js-sha3": "^0.8.0"
      }
    },
    "node_modules/merkletree": {
      "version": "1.5.0",
      "resolved": "https://registry.npmjs.org/merkletree/-/merkletree-1.5.0.tgz",
      "integrity": "sha1-AWvRINdanBxnWMTfL6isBaNNG3U="
    },
    "node_modules/uid": {
      "version": "2.0.0",
      "resolved": "https://registry.npmjs.org/uid/-/uid-2.0.0.tgz",
      "integrity": "sha512-hFw+zKBA1szYdbZWj6FjTxZzJnKNf+wTDcsxlJaXS64MCy9LQEmJUVieGYHCKek/WRyFIcs0cEXtGIQmfvHe2A==",
      "dependencies": {
        "@lukeed/csprng": "^1.0.0"
      },
      "engines": {
        "node": ">=8"
      }
    }
  },
  "dependencies": {
    "@lukeed/csprng": {
      "version": "1.0.0",
      "resolved": "https://registry.npmjs.org/@lukeed/csprng/-/csprng-1.0.0.tgz",
      "integrity": "sha512-ruuGHsnabmObBdeMg3vKdGRmh06Oog3eFpf/Tk6X0kDSJDpJTDCj2dqdp1+0VjzIUgHlFF9GBm7uFqfYhhdX9g=="
    },
    "@taquito/michel-codec": {
      "version": "10.2.0",
      "resolved": "https://registry.npmjs.org/@taquito/michel-codec/-/michel-codec-10.2.0.tgz",
      "integrity": "sha512-dndIFumnebwhMCdhGv89dVJPIsTbB885LYLuPYyp7saYqlVe8n+NKlfSkHn+G/7waj8Xt5uzHsxYHPK9R9CvSQ=="
    },
    "js-sha3": {
      "version": "0.8.0",
      "resolved": "https://registry.npmjs.org/js-sha3/-/js-sha3-0.8.0.tgz",
      "integrity": "sha512-gF1cRrHhIzNfToc802P800N8PpXS+evLLXfsVpowqmAFR9uwbi89WvXg2QspOmXL8QL86J4T1EpFu+yUkwJY3Q=="
    },
    "merkle-tools": {
      "version": "1.4.1",
      "resolved": "https://registry.npmjs.org/merkle-tools/-/merkle-tools-1.4.1.tgz",
      "integrity": "sha512-QhO1/eDvAnyn0oXgRWlydVWYVMrVJwrdNICYvQXYhBU1Bjj1LoxsQxdAKJ5ttN3L6pkKhjcK6O4k927kgTMdqw==",
      "requires": {
        "js-sha3": "^0.8.0"
      }
    },
    "merkletree": {
      "version": "1.5.0",
      "resolved": "https://registry.npmjs.org/merkletree/-/merkletree-1.5.0.tgz",
      "integrity": "sha1-AWvRINdanBxnWMTfL6isBaNNG3U="
    },
    "uid": {
      "version": "2.0.0",
      "resolved": "https://registry.npmjs.org/uid/-/uid-2.0.0.tgz",
      "integrity": "sha512-hFw+zKBA1szYdbZWj6FjTxZzJnKNf+wTDcsxlJaXS64MCy9LQEmJUVieGYHCKek/WRyFIcs0cEXtGIQmfvHe2A==",
      "requires": {
        "@lukeed/csprng": "^1.0.0"
      }
    }
  }
}
